
Microsoft Visual Studio Solution File, Format Version 12.00
# Visual Studio 15
VisualStudioVersion = 15.0.28010.2041
MinimumVisualStudioVersion = 10.0.40219.1
Project("{FAE04EC0-301F-11D3-BF4B-00C04F79EFBC}") = "adu", "adu\adu.csproj", "{0BE468DD-BBE0-43CD-B1DA-5735AE2D59F9}"
EndProject
Global
	GlobalSection(SolutionConfigurationPlatforms) = preSolution
		Debug|Any CPU = Debug|Any CPU
		Release|Any CPU = Release|Any CPU
	EndGlobalSection
	GlobalSection(ProjectConfigurationPlatforms) = postSolution
		{0BE468DD-BBE0-43CD-B1DA-5735AE2D59F9}.Debug|Any CPU.ActiveCfg = Debug|Any CPU
		{0BE468DD-BBE0-43CD-B1DA-5735AE2D59F9}.Debug|Any CPU.Build.0 = Debug|Any CPU
		{0BE468DD-BBE0-43CD-B1DA-5735AE2D59F9}.Release|Any CPU.ActiveCfg = Release|Any CPU
		{0BE468DD-BBE0-43CD-B1DA-5735AE2D59F9}.Release|Any CPU.Build.0 = Release|Any CPU
	EndGlobalSection
	GlobalSection(SolutionProperties) = preSolution
		HideSolutionNode = FALSE
	EndGlobalSection
	GlobalSection(ExtensibilityGlobals) = postSolution
		SolutionGuid = {183FAB10-5B10-440B-A018-F2FF47D822A4}
	EndGlobalSection
EndGlobal
